
Microsoft Visual Studio Solution File, Format Version 12.00
# Visual Studio Version 17
VisualStudioVersion = 17.1.32328.378
MinimumVisualStudioVersion = 10.0.40219.1
Project("{FAE04EC0-301F-11D3-BF4B-00C04F79EFBC}") = "NaviNovel", "WebApplication2022\NaviNovel.csproj", "{C3891866-5B9C-4DAB-B9C8-5A14EBEC5E92}"
EndProject
Global
	GlobalSection(SolutionConfigurationPlatforms) = preSolution
		Debug|Any CPU = Debug|Any CPU
		Release|Any CPU = Release|Any CPU
	EndGlobalSection
	GlobalSection(ProjectConfigurationPlatforms) = postSolution
		{C3891866-5B9C-4DAB-B9C8-5A14EBEC5E92}.Debug|Any CPU.ActiveCfg = Debug|Any CPU
		{C3891866-5B9C-4DAB-B9C8-5A14EBEC5E92}.Debug|Any CPU.Build.0 = Debug|Any CPU
		{C3891866-5B9C-4DAB-B9C8-5A14EBEC5E92}.Release|Any CPU.ActiveCfg = Release|Any CPU
		{C3891866-5B9C-4DAB-B9C8-5A14EBEC5E92}.Release|Any CPU.Build.0 = Release|Any CPU
	EndGlobalSection
	GlobalSection(SolutionProperties) = preSolution
		HideSolutionNode = FALSE
	EndGlobalSection
	GlobalSection(ExtensibilityGlobals) = postSolution
		SolutionGuid = {586671DE-7C8A-427E-A1F6-34FC47846F7A}
	EndGlobalSection
EndGlobal
